<?xml version="1.0" encoding="utf-8"?>
<Project ToolsVersion="4.0" xmlns="http://schemas.microsoft.com/developer/msbuild/2003">
  <ItemGroup>
    <Filter Include="Source Files">
      <UniqueIdentifier>{4FC737F1-C7A5-4376-A066-2A32D752A2FF}</UniqueIdentifier>
      <Extensions>cpp;c;cc;cxx;c++;cppm;ixx;def;odl;idl;hpj;bat;asm;asmx</Extensions>
    </Filter>
    <Filter Include="Header Files">
      <UniqueIdentifier>{93995380-89BD-4b04-88EB-625FBE52EBFB}</UniqueIdentifier>
      <Extensions>h;hh;hpp;hxx;h++;hm;inl;inc;ipp;xsd</Extensions>
    </Filter>
    <Filter Include="Resource Files">
      <UniqueIdentifier>{67DA6AB6-F800-4c08-8B7A-83BB121AAD01}</UniqueIdentifier>
      <Extensions>rc;ico;cur;bmp;dlg;rc2;rct;bin;rgs;gif;jpg;jpeg;jpe;resx;tiff;tif;png;wav;mfcribbon-ms</Extensions>
    </Filter>
  </ItemGroup>
  <ItemGroup>
    <ClInclude Include="base\types\angle.h">
      <Filter>Header Files</Filter>
    </ClInclude>
    <ClInclude Include="base\types\color.h">
      <Filter>Header Files</Filter>
    </ClInclude>
    <ClInclude Include="base\types\matrix.h">
      <Filter>Header Files</Filter>
    </ClInclude>
    <ClInclude Include="base\types\vector.h">
      <Filter>Header Files</Filter>
    </ClInclude>
    <ClInclude Include="base\base.h">
      <Filter>Header Files</Filter>
    </ClInclude>
    <ClInclude Include="base\logger.h">
      <Filter>Header Files</Filter>
    </ClInclude>
    <ClInclude Include="base\math.h">
      <Filter>Header Files</Filter>
    </ClInclude>
    <ClInclude Include="base\winapi.h">
      <Filter>Header Files</Filter>
    </ClInclude>
    <ClInclude Include="core\config.h">
      <Filter>Header Files</Filter>
    </ClInclude>
    <ClInclude Include="core\hooks.h">
      <Filter>Header Files</Filter>
    </ClInclude>
    <ClInclude Include="core\input.h">
      <Filter>Header Files</Filter>
    </ClInclude>
    <ClInclude Include="crypt\fnv1a.h">
      <Filter>Header Files</Filter>
    </ClInclude>
    <ClInclude Include="crypt\xorstr.h">
      <Filter>Header Files</Filter>
    </ClInclude>
    <ClInclude Include="memory\address.h">
      <Filter>Header Files</Filter>
    </ClInclude>
    <ClInclude Include="memory\dll.h">
      <Filter>Header Files</Filter>
    </ClInclude>
    <ClInclude Include="memory\memory.h">
      <Filter>Header Files</Filter>
    </ClInclude>
    <ClInclude Include="memory\iat.h">
      <Filter>Header Files</Filter>
    </ClInclude>
    <ClInclude Include="memory\interface.h">
      <Filter>Header Files</Filter>
    </ClInclude>
    <ClInclude Include="memory\hook_manager.h">
      <Filter>Header Files</Filter>
    </ClInclude>
    <ClInclude Include="valve\cs\cs.h">
      <Filter>Header Files</Filter>
    </ClInclude>
    <ClInclude Include="valve\cs\cmd.h">
      <Filter>Header Files</Filter>
    </ClInclude>
    <ClInclude Include="base\types\bitfield.h">
      <Filter>Header Files</Filter>
    </ClInclude>
    <ClInclude Include="valve\cs\client_class.h">
      <Filter>Header Files</Filter>
    </ClInclude>
    <ClInclude Include="valve\cs\convar.h">
      <Filter>Header Files</Filter>
    </ClInclude>
    <ClInclude Include="valve\cs\utl_vector.h">
      <Filter>Header Files</Filter>
    </ClInclude>
    <ClInclude Include="valve\cs\net.h">
      <Filter>Header Files</Filter>
    </ClInclude>
    <ClInclude Include="valve\se\se.h">
      <Filter>Header Files</Filter>
    </ClInclude>
    <ClInclude Include="valve\cs\player.h">
      <Filter>Header Files</Filter>
    </ClInclude>
    <ClInclude Include="valve\cs\game_event.h">
      <Filter>Header Files</Filter>
    </ClInclude>
    <ClInclude Include="valve\se\input_system.h">
      <Filter>Header Files</Filter>
    </ClInclude>
    <ClInclude Include="valve\se\surface.h">
      <Filter>Header Files</Filter>
    </ClInclude>
    <ClInclude Include="valve\se\vgui2.h">
      <Filter>Header Files</Filter>
    </ClInclude>
    <ClInclude Include="valve\cs\view.h">
      <Filter>Header Files</Filter>
    </ClInclude>
    <ClInclude Include="valve\cs\datatables.h">
      <Filter>Header Files</Filter>
    </ClInclude>
    <ClInclude Include="core\netvars.h">
      <Filter>Header Files</Filter>
    </ClInclude>
    <ClInclude Include="render\menu\menu.h">
      <Filter>Header Files</Filter>
    </ClInclude>
    <ClInclude Include="render\render.h">
      <Filter>Header Files</Filter>
    </ClInclude>
    <ClInclude Include="valve\se\localize.h">
      <Filter>Header Files</Filter>
    </ClInclude>
    <ClInclude Include="valve\cs\trace.h">
      <Filter>Header Files</Filter>
    </ClInclude>
    <ClInclude Include="valve\se\mem_alloc.h">
      <Filter>Header Files</Filter>
    </ClInclude>
    <ClInclude Include="render\menu\controls.h">
      <Filter>Header Files</Filter>
    </ClInclude>
    <ClInclude Include="core\features\events.h">
      <Filter>Header Files</Filter>
    </ClInclude>
    <ClInclude Include="core\features\features.h">
      <Filter>Header Files</Filter>
    </ClInclude>
    <ClInclude Include="core\cheat.h">
      <Filter>Header Files</Filter>
    </ClInclude>
    <ClInclude Include="valve\cs\animations.h">
      <Filter>Header Files</Filter>
    </ClInclude>
    <ClInclude Include="valve\cs\key_values.h">
      <Filter>Header Files</Filter>
    </ClInclude>
    <ClInclude Include="valve\cs\model.h">
      <Filter>Header Files</Filter>
    </ClInclude>
    <ClInclude Include="valve\cs\material.h">
      <Filter>Header Files</Filter>
    </ClInclude>
    <ClInclude Include="core\features\variables.h">
      <Filter>Header Files</Filter>
    </ClInclude>
    <ClInclude Include="valve\cs\entity.h">
      <Filter>Header Files</Filter>
    </ClInclude>
    <ClInclude Include="base\types\dimension.h">
      <Filter>Header Files</Filter>
    </ClInclude>
    <ClInclude Include="valve\se\material_system.h">
      <Filter>Header Files</Filter>
    </ClInclude>
    <ClInclude Include="valve\se\studio_render.h">
      <Filter>Header Files</Filter>
    </ClInclude>
    <ClInclude Include="valve\cs\studio.h">
      <Filter>Header Files</Filter>
    </ClInclude>
    <ClInclude Include="valve\cs\util.h">
      <Filter>Header Files</Filter>
    </ClInclude>
    <ClInclude Include="valve\se\client.h">
      <Filter>Header Files</Filter>
    </ClInclude>
    <ClInclude Include="valve\se\engine.h">
      <Filter>Header Files</Filter>
    </ClInclude>
    <ClInclude Include="valve\se\vstdlib.h">
      <Filter>Header Files</Filter>
    </ClInclude>
    <ClInclude Include="valve\se\file_system.h">
      <Filter>Header Files</Filter>
    </ClInclude>
    <ClInclude Include="valve\se\datacache.h">
      <Filter>Header Files</Filter>
    </ClInclude>
    <ClInclude Include="valve\cs\leaf_system.h">
      <Filter>Header Files</Filter>
    </ClInclude>
    <ClInclude Include="valve\se\vphysics.h">
      <Filter>Header Files</Filter>
    </ClInclude>
    <ClInclude Include="valve\steam\steam.h">
      <Filter>Header Files</Filter>
    </ClInclude>
    <ClInclude Include="valve\se\server.h">
      <Filter>Header Files</Filter>
    </ClInclude>
    <ClInclude Include="valve\se\matchmaking.h">
      <Filter>Header Files</Filter>
    </ClInclude>
  </ItemGroup>
  <ItemGroup>
    <ClCompile Include="core\config.cpp">
      <Filter>Source Files</Filter>
    </ClCompile>
    <ClCompile Include="core\hooks.cpp">
      <Filter>Source Files</Filter>
    </ClCompile>
    <ClCompile Include="core\input.cpp">
      <Filter>Source Files</Filter>
    </ClCompile>
    <ClCompile Include="memory\interface.cpp">
      <Filter>Source Files</Filter>
    </ClCompile>
    <ClCompile Include="main.cpp">
      <Filter>Source Files</Filter>
    </ClCompile>
    <ClCompile Include="memory\memory.cpp">
      <Filter>Source Files</Filter>
    </ClCompile>
    <ClCompile Include="base\math.cpp">
      <Filter>Source Files</Filter>
    </ClCompile>
    <ClCompile Include="render\render.cpp">
      <Filter>Source Files</Filter>
    </ClCompile>
    <ClCompile Include="render\menu\menu.cpp">
      <Filter>Source Files</Filter>
    </ClCompile>
    <ClCompile Include="render\menu\controls.cpp">
      <Filter>Source Files</Filter>
    </ClCompile>
    <ClCompile Include="core\netvars.cpp">
      <Filter>Source Files</Filter>
    </ClCompile>
    <ClCompile Include="valve\cs\player.cpp">
      <Filter>Source Files</Filter>
    </ClCompile>
    <ClCompile Include="valve\cs\entity.cpp">
      <Filter>Source Files</Filter>
    </ClCompile>
    <ClCompile Include="core\features\prediction.cpp">
      <Filter>Source Files</Filter>
    </ClCompile>
    <ClCompile Include="core\features\misc.cpp">
      <Filter>Source Files</Filter>
    </ClCompile>
  </ItemGroup>
</Project>